
Microsoft Visual Studio Solution File, Format Version 12.00
# Visual Studio Version 16
VisualStudioVersion = 16.0.32126.315
MinimumVisualStudioVersion = 10.0.40219.1
Project("{9A19103F-16F7-4668-BE54-9A1E7A4F7556}") = "Loan", "Loan\Loan.csproj", "{26B778E2-EC7E-4233-9980-242CED707FBE}"
EndProject
Project("{9A19103F-16F7-4668-BE54-9A1E7A4F7556}") = "BusinessModels", "BisunessModels\BusinessModels.csproj", "{080AB739-6173-4334-A830-7FF4FD676336}"
EndProject
Global
	GlobalSection(SolutionConfigurationPlatforms) = preSolution
		Debug|Any CPU = Debug|Any CPU
		Release|Any CPU = Release|Any CPU
	EndGlobalSection
	GlobalSection(ProjectConfigurationPlatforms) = postSolution
		{26B778E2-EC7E-4233-9980-242CED707FBE}.Debug|Any CPU.ActiveCfg = Debug|Any CPU
		{26B778E2-EC7E-4233-9980-242CED707FBE}.Debug|Any CPU.Build.0 = Debug|Any CPU
		{26B778E2-EC7E-4233-9980-242CED707FBE}.Release|Any CPU.ActiveCfg = Release|Any CPU
		{26B778E2-EC7E-4233-9980-242CED707FBE}.Release|Any CPU.Build.0 = Release|Any CPU
		{080AB739-6173-4334-A830-7FF4FD676336}.Debug|Any CPU.ActiveCfg = Debug|Any CPU
		{080AB739-6173-4334-A830-7FF4FD676336}.Debug|Any CPU.Build.0 = Debug|Any CPU
		{080AB739-6173-4334-A830-7FF4FD676336}.Release|Any CPU.ActiveCfg = Release|Any CPU
		{080AB739-6173-4334-A830-7FF4FD676336}.Release|Any CPU.Build.0 = Release|Any CPU
	EndGlobalSection
	GlobalSection(SolutionProperties) = preSolution
		HideSolutionNode = FALSE
	EndGlobalSection
	GlobalSection(ExtensibilityGlobals) = postSolution
		SolutionGuid = {2E39EE21-0D4E-44A5-A4C0-159933106D81}
	EndGlobalSection
EndGlobal
